
Microsoft Visual Studio Solution File, Format Version 12.00
# Visual Studio Version 17
VisualStudioVersion = 17.4.32804.182
MinimumVisualStudioVersion = 10.0.40219.1
Project("{9A19103F-16F7-4668-BE54-9A1E7A4F7556}") = "Project", "Handler\Project.csproj", "{96BEC720-4314-4987-B795-7A13558BF667}"
EndProject
Project("{9A19103F-16F7-4668-BE54-9A1E7A4F7556}") = "Tests", "Tests\Tests.csproj", "{14F297B4-9230-4FD7-8459-83A3C36D0D61}"
EndProject
Project("{FAE04EC0-301F-11D3-BF4B-00C04F79EFBC}") = "AzFunc4Comparison", "AzFunc4Comparison\AzFunc4Comparison.csproj", "{5C8B6B6A-D096-4833-89EB-954013F83A62}"
EndProject
Global
	GlobalSection(SolutionConfigurationPlatforms) = preSolution
		Debug|Any CPU = Debug|Any CPU
		Release|Any CPU = Release|Any CPU
	EndGlobalSection
	GlobalSection(ProjectConfigurationPlatforms) = postSolution
		{96BEC720-4314-4987-B795-7A13558BF667}.Debug|Any CPU.ActiveCfg = Debug|Any CPU
		{96BEC720-4314-4987-B795-7A13558BF667}.Debug|Any CPU.Build.0 = Debug|Any CPU
		{96BEC720-4314-4987-B795-7A13558BF667}.Release|Any CPU.ActiveCfg = Release|Any CPU
		{96BEC720-4314-4987-B795-7A13558BF667}.Release|Any CPU.Build.0 = Release|Any CPU
		{14F297B4-9230-4FD7-8459-83A3C36D0D61}.Debug|Any CPU.ActiveCfg = Debug|Any CPU
		{14F297B4-9230-4FD7-8459-83A3C36D0D61}.Debug|Any CPU.Build.0 = Debug|Any CPU
		{14F297B4-9230-4FD7-8459-83A3C36D0D61}.Release|Any CPU.ActiveCfg = Release|Any CPU
		{14F297B4-9230-4FD7-8459-83A3C36D0D61}.Release|Any CPU.Build.0 = Release|Any CPU
		{5C8B6B6A-D096-4833-89EB-954013F83A62}.Debug|Any CPU.ActiveCfg = Debug|Any CPU
		{5C8B6B6A-D096-4833-89EB-954013F83A62}.Debug|Any CPU.Build.0 = Debug|Any CPU
		{5C8B6B6A-D096-4833-89EB-954013F83A62}.Release|Any CPU.ActiveCfg = Release|Any CPU
		{5C8B6B6A-D096-4833-89EB-954013F83A62}.Release|Any CPU.Build.0 = Release|Any CPU
	EndGlobalSection
	GlobalSection(SolutionProperties) = preSolution
		HideSolutionNode = FALSE
	EndGlobalSection
	GlobalSection(ExtensibilityGlobals) = postSolution
		SolutionGuid = {7A306BFD-ECCF-49BD-B8AB-49315EDA0D27}
	EndGlobalSection
EndGlobal
